
Microsoft Visual Studio Solution File, Format Version 12.00
# Visual Studio Version 17
VisualStudioVersion = 17.11.35303.130
MinimumVisualStudioVersion = 10.0.40219.1
Project("{9A19103F-16F7-4668-BE54-9A1E7A4F7556}") = "Indicators", "Indicators\Indicators.csproj", "{0DA76EA9-26E7-4775-A97F-864FB0D01392}"
EndProject
Project("{2150E333-8FDC-42A3-9474-1A3956D46DE8}") = "cTrader", "cTrader", "{E3CDF9F3-48CE-480C-B05D-7EF3AAA8B0AA}"
EndProject
Project("{2150E333-8FDC-42A3-9474-1A3956D46DE8}") = "Core", "Core", "{C1DDE1ED-C394-4CE8-B7CE-C16A0296A3B6}"
EndProject
Project("{9A19103F-16F7-4668-BE54-9A1E7A4F7556}") = "Domain", "Domain\Domain.csproj", "{1759E0B7-4FEF-434D-93EF-5B91B1FDC65F}"
EndProject
Project("{9A19103F-16F7-4668-BE54-9A1E7A4F7556}") = "Application", "Application\Application.csproj", "{F65E73E6-B846-47B8-873A-65AF3DA432A9}"
EndProject
Project("{2150E333-8FDC-42A3-9474-1A3956D46DE8}") = "Infrastructure", "Infrastructure", "{87E0F6E1-836D-434F-B35D-80FB17974FCE}"
EndProject
Project("{9A19103F-16F7-4668-BE54-9A1E7A4F7556}") = "Infrastructure", "Infrastructure\Infrastructure.csproj", "{A7E99C2A-B235-49D7-AF2B-0B18A9958457}"
EndProject
Project("{9A19103F-16F7-4668-BE54-9A1E7A4F7556}") = "Robots", "Robots\Robots.csproj", "{DE44F186-2588-4719-91E4-50E69974123A}"
EndProject
Project("{2150E333-8FDC-42A3-9474-1A3956D46DE8}") = "TestAndSetup", "TestAndSetup", "{CD1392A9-D239-4E71-B6CA-010FB6D43966}"
EndProject
Project("{9A19103F-16F7-4668-BE54-9A1E7A4F7556}") = "dbConfig", "dbconfig\dbConfig.csproj", "{477E8C4C-E592-43B1-B0D2-99ADB72B888A}"
EndProject
Project("{9A19103F-16F7-4668-BE54-9A1E7A4F7556}") = "Application.Common", "Application.Common\Application.Common.csproj", "{B6C17298-0D6B-43DB-A127-BEF4683AF917}"
EndProject
Project("{9A19103F-16F7-4668-BE54-9A1E7A4F7556}") = "Infrastructure.Tests", "Infrastructure.Tests\Infrastructure.Tests.csproj", "{7DC7C859-5557-4E31-9002-D81B93975433}"
EndProject
Project("{9A19103F-16F7-4668-BE54-9A1E7A4F7556}") = "DataServices", "DataServices\DataServices.csproj", "{14B6731C-7DCF-4647-9419-1444A0F27485}"
EndProject
Project("{9A19103F-16F7-4668-BE54-9A1E7A4F7556}") = "Application.Tests", "Application.MainTests\Application.Tests.csproj", "{FD1F5355-BE8C-49A8-B0A2-52F23B99EFD7}"
EndProject
Project("{FAE04EC0-301F-11D3-BF4B-00C04F79EFBC}") = "FXProBridge", "FXProBridge\FXProBridge.csproj", "{B6E2570E-ABE7-43D9-B223-ADF69EB7B763}"
EndProject
Project("{FAE04EC0-301F-11D3-BF4B-00C04F79EFBC}") = "RunRobot", "..\..\..\..\OneDrive\Documents\cAlgo\Sources\Robots\RunRobot\RunRobot\RunRobot.csproj", "{4CFDC8EA-B60E-4DD3-8F0F-E9B5D0A1590F}"
	ProjectSection(ProjectDependencies) = postProject
		{B6E2570E-ABE7-43D9-B223-ADF69EB7B763} = {B6E2570E-ABE7-43D9-B223-ADF69EB7B763}
	EndProjectSection
EndProject
Project("{FAE04EC0-301F-11D3-BF4B-00C04F79EFBC}") = "TradeSimulate.Tests", "TradeSimulateTests\TradeSimulate.Tests.csproj", "{245FC54E-95B6-4C7D-B1C6-B8B21F263B54}"
EndProject
Project("{FAE04EC0-301F-11D3-BF4B-00C04F79EFBC}") = "DataImports", "DataImports\DataImports.csproj", "{633F61BF-58DF-4C15-9679-E22F0074E70A}"
EndProject
Project("{2150E333-8FDC-42A3-9474-1A3956D46DE8}") = "Simulate", "Simulate", "{02EA681E-C7D8-13C7-8484-4AC65E1B71E8}"
EndProject
Project("{FAE04EC0-301F-11D3-BF4B-00C04F79EFBC}") = "TradeSimulator", "TradeSimulator\TradeSimulator.csproj", "{E2D6B88B-DC3D-4A4E-9AFD-BC66D4F4C08F}"
EndProject
Global
	GlobalSection(SolutionConfigurationPlatforms) = preSolution
		Debug|Any CPU = Debug|Any CPU
		Release|Any CPU = Release|Any CPU
	EndGlobalSection
	GlobalSection(ProjectConfigurationPlatforms) = postSolution
		{0DA76EA9-26E7-4775-A97F-864FB0D01392}.Debug|Any CPU.ActiveCfg = Debug|Any CPU
		{0DA76EA9-26E7-4775-A97F-864FB0D01392}.Debug|Any CPU.Build.0 = Debug|Any CPU
		{0DA76EA9-26E7-4775-A97F-864FB0D01392}.Release|Any CPU.ActiveCfg = Release|Any CPU
		{0DA76EA9-26E7-4775-A97F-864FB0D01392}.Release|Any CPU.Build.0 = Release|Any CPU
		{1759E0B7-4FEF-434D-93EF-5B91B1FDC65F}.Debug|Any CPU.ActiveCfg = Debug|Any CPU
		{1759E0B7-4FEF-434D-93EF-5B91B1FDC65F}.Debug|Any CPU.Build.0 = Debug|Any CPU
		{1759E0B7-4FEF-434D-93EF-5B91B1FDC65F}.Release|Any CPU.ActiveCfg = Release|Any CPU
		{1759E0B7-4FEF-434D-93EF-5B91B1FDC65F}.Release|Any CPU.Build.0 = Release|Any CPU
		{F65E73E6-B846-47B8-873A-65AF3DA432A9}.Debug|Any CPU.ActiveCfg = Debug|Any CPU
		{F65E73E6-B846-47B8-873A-65AF3DA432A9}.Debug|Any CPU.Build.0 = Debug|Any CPU
		{F65E73E6-B846-47B8-873A-65AF3DA432A9}.Release|Any CPU.ActiveCfg = Release|Any CPU
		{F65E73E6-B846-47B8-873A-65AF3DA432A9}.Release|Any CPU.Build.0 = Release|Any CPU
		{A7E99C2A-B235-49D7-AF2B-0B18A9958457}.Debug|Any CPU.ActiveCfg = Debug|Any CPU
		{A7E99C2A-B235-49D7-AF2B-0B18A9958457}.Debug|Any CPU.Build.0 = Debug|Any CPU
		{A7E99C2A-B235-49D7-AF2B-0B18A9958457}.Release|Any CPU.ActiveCfg = Release|Any CPU
		{A7E99C2A-B235-49D7-AF2B-0B18A9958457}.Release|Any CPU.Build.0 = Release|Any CPU
		{DE44F186-2588-4719-91E4-50E69974123A}.Debug|Any CPU.ActiveCfg = Debug|Any CPU
		{DE44F186-2588-4719-91E4-50E69974123A}.Debug|Any CPU.Build.0 = Debug|Any CPU
		{DE44F186-2588-4719-91E4-50E69974123A}.Release|Any CPU.ActiveCfg = Release|Any CPU
		{DE44F186-2588-4719-91E4-50E69974123A}.Release|Any CPU.Build.0 = Release|Any CPU
		{477E8C4C-E592-43B1-B0D2-99ADB72B888A}.Debug|Any CPU.ActiveCfg = Debug|Any CPU
		{477E8C4C-E592-43B1-B0D2-99ADB72B888A}.Debug|Any CPU.Build.0 = Debug|Any CPU
		{477E8C4C-E592-43B1-B0D2-99ADB72B888A}.Release|Any CPU.ActiveCfg = Release|Any CPU
		{477E8C4C-E592-43B1-B0D2-99ADB72B888A}.Release|Any CPU.Build.0 = Release|Any CPU
		{B6C17298-0D6B-43DB-A127-BEF4683AF917}.Debug|Any CPU.ActiveCfg = Debug|Any CPU
		{B6C17298-0D6B-43DB-A127-BEF4683AF917}.Debug|Any CPU.Build.0 = Debug|Any CPU
		{B6C17298-0D6B-43DB-A127-BEF4683AF917}.Release|Any CPU.ActiveCfg = Release|Any CPU
		{B6C17298-0D6B-43DB-A127-BEF4683AF917}.Release|Any CPU.Build.0 = Release|Any CPU
		{7DC7C859-5557-4E31-9002-D81B93975433}.Debug|Any CPU.ActiveCfg = Debug|Any CPU
		{7DC7C859-5557-4E31-9002-D81B93975433}.Debug|Any CPU.Build.0 = Debug|Any CPU
		{7DC7C859-5557-4E31-9002-D81B93975433}.Release|Any CPU.ActiveCfg = Release|Any CPU
		{7DC7C859-5557-4E31-9002-D81B93975433}.Release|Any CPU.Build.0 = Release|Any CPU
		{14B6731C-7DCF-4647-9419-1444A0F27485}.Debug|Any CPU.ActiveCfg = Debug|Any CPU
		{14B6731C-7DCF-4647-9419-1444A0F27485}.Debug|Any CPU.Build.0 = Debug|Any CPU
		{14B6731C-7DCF-4647-9419-1444A0F27485}.Release|Any CPU.ActiveCfg = Release|Any CPU
		{14B6731C-7DCF-4647-9419-1444A0F27485}.Release|Any CPU.Build.0 = Release|Any CPU
		{FD1F5355-BE8C-49A8-B0A2-52F23B99EFD7}.Debug|Any CPU.ActiveCfg = Debug|Any CPU
		{FD1F5355-BE8C-49A8-B0A2-52F23B99EFD7}.Debug|Any CPU.Build.0 = Debug|Any CPU
		{FD1F5355-BE8C-49A8-B0A2-52F23B99EFD7}.Release|Any CPU.ActiveCfg = Release|Any CPU
		{FD1F5355-BE8C-49A8-B0A2-52F23B99EFD7}.Release|Any CPU.Build.0 = Release|Any CPU
		{B6E2570E-ABE7-43D9-B223-ADF69EB7B763}.Debug|Any CPU.ActiveCfg = Debug|Any CPU
		{B6E2570E-ABE7-43D9-B223-ADF69EB7B763}.Debug|Any CPU.Build.0 = Debug|Any CPU
		{B6E2570E-ABE7-43D9-B223-ADF69EB7B763}.Release|Any CPU.ActiveCfg = Release|Any CPU
		{B6E2570E-ABE7-43D9-B223-ADF69EB7B763}.Release|Any CPU.Build.0 = Release|Any CPU
		{4CFDC8EA-B60E-4DD3-8F0F-E9B5D0A1590F}.Debug|Any CPU.ActiveCfg = Debug|Any CPU
		{4CFDC8EA-B60E-4DD3-8F0F-E9B5D0A1590F}.Debug|Any CPU.Build.0 = Debug|Any CPU
		{4CFDC8EA-B60E-4DD3-8F0F-E9B5D0A1590F}.Release|Any CPU.ActiveCfg = Release|Any CPU
		{4CFDC8EA-B60E-4DD3-8F0F-E9B5D0A1590F}.Release|Any CPU.Build.0 = Release|Any CPU
		{245FC54E-95B6-4C7D-B1C6-B8B21F263B54}.Debug|Any CPU.ActiveCfg = Debug|Any CPU
		{245FC54E-95B6-4C7D-B1C6-B8B21F263B54}.Debug|Any CPU.Build.0 = Debug|Any CPU
		{245FC54E-95B6-4C7D-B1C6-B8B21F263B54}.Release|Any CPU.ActiveCfg = Release|Any CPU
		{245FC54E-95B6-4C7D-B1C6-B8B21F263B54}.Release|Any CPU.Build.0 = Release|Any CPU
		{633F61BF-58DF-4C15-9679-E22F0074E70A}.Debug|Any CPU.ActiveCfg = Debug|Any CPU
		{633F61BF-58DF-4C15-9679-E22F0074E70A}.Debug|Any CPU.Build.0 = Debug|Any CPU
		{633F61BF-58DF-4C15-9679-E22F0074E70A}.Release|Any CPU.ActiveCfg = Release|Any CPU
		{633F61BF-58DF-4C15-9679-E22F0074E70A}.Release|Any CPU.Build.0 = Release|Any CPU
		{E2D6B88B-DC3D-4A4E-9AFD-BC66D4F4C08F}.Debug|Any CPU.ActiveCfg = Debug|Any CPU
		{E2D6B88B-DC3D-4A4E-9AFD-BC66D4F4C08F}.Debug|Any CPU.Build.0 = Debug|Any CPU
		{E2D6B88B-DC3D-4A4E-9AFD-BC66D4F4C08F}.Release|Any CPU.ActiveCfg = Release|Any CPU
		{E2D6B88B-DC3D-4A4E-9AFD-BC66D4F4C08F}.Release|Any CPU.Build.0 = Release|Any CPU
	EndGlobalSection
	GlobalSection(SolutionProperties) = preSolution
		HideSolutionNode = FALSE
	EndGlobalSection
	GlobalSection(NestedProjects) = preSolution
		{0DA76EA9-26E7-4775-A97F-864FB0D01392} = {E3CDF9F3-48CE-480C-B05D-7EF3AAA8B0AA}
		{1759E0B7-4FEF-434D-93EF-5B91B1FDC65F} = {C1DDE1ED-C394-4CE8-B7CE-C16A0296A3B6}
		{F65E73E6-B846-47B8-873A-65AF3DA432A9} = {C1DDE1ED-C394-4CE8-B7CE-C16A0296A3B6}
		{A7E99C2A-B235-49D7-AF2B-0B18A9958457} = {87E0F6E1-836D-434F-B35D-80FB17974FCE}
		{DE44F186-2588-4719-91E4-50E69974123A} = {C1DDE1ED-C394-4CE8-B7CE-C16A0296A3B6}
		{477E8C4C-E592-43B1-B0D2-99ADB72B888A} = {CD1392A9-D239-4E71-B6CA-010FB6D43966}
		{B6C17298-0D6B-43DB-A127-BEF4683AF917} = {C1DDE1ED-C394-4CE8-B7CE-C16A0296A3B6}
		{7DC7C859-5557-4E31-9002-D81B93975433} = {CD1392A9-D239-4E71-B6CA-010FB6D43966}
		{14B6731C-7DCF-4647-9419-1444A0F27485} = {87E0F6E1-836D-434F-B35D-80FB17974FCE}
		{FD1F5355-BE8C-49A8-B0A2-52F23B99EFD7} = {CD1392A9-D239-4E71-B6CA-010FB6D43966}
		{B6E2570E-ABE7-43D9-B223-ADF69EB7B763} = {E3CDF9F3-48CE-480C-B05D-7EF3AAA8B0AA}
		{4CFDC8EA-B60E-4DD3-8F0F-E9B5D0A1590F} = {E3CDF9F3-48CE-480C-B05D-7EF3AAA8B0AA}
		{245FC54E-95B6-4C7D-B1C6-B8B21F263B54} = {CD1392A9-D239-4E71-B6CA-010FB6D43966}
		{633F61BF-58DF-4C15-9679-E22F0074E70A} = {CD1392A9-D239-4E71-B6CA-010FB6D43966}
		{E2D6B88B-DC3D-4A4E-9AFD-BC66D4F4C08F} = {02EA681E-C7D8-13C7-8484-4AC65E1B71E8}
	EndGlobalSection
	GlobalSection(ExtensibilityGlobals) = postSolution
		SolutionGuid = {5749F33E-C160-49C7-AA82-A34583EEAD0F}
	EndGlobalSection
EndGlobal
