
Microsoft Visual Studio Solution File, Format Version 12.00
# Visual Studio Version 17
VisualStudioVersion = 17.11.35303.130
MinimumVisualStudioVersion = 10.0.40219.1
Project("{9A19103F-16F7-4668-BE54-9A1E7A4F7556}") = "Indicators", "Indicators\Indicators.csproj", "{0DA76EA9-26E7-4775-A97F-864FB0D01392}"
EndProject
Project("{2150E333-8FDC-42A3-9474-1A3956D46DE8}") = "cTraderExtensions", "cTraderExtensions", "{E3CDF9F3-48CE-480C-B05D-7EF3AAA8B0AA}"
EndProject
Project("{2150E333-8FDC-42A3-9474-1A3956D46DE8}") = "Core", "Core", "{C1DDE1ED-C394-4CE8-B7CE-C16A0296A3B6}"
EndProject
Project("{9A19103F-16F7-4668-BE54-9A1E7A4F7556}") = "Domain", "Domain\Domain.csproj", "{1759E0B7-4FEF-434D-93EF-5B91B1FDC65F}"
EndProject
Project("{9A19103F-16F7-4668-BE54-9A1E7A4F7556}") = "Application", "Application\Application.csproj", "{F65E73E6-B846-47B8-873A-65AF3DA432A9}"
EndProject
Project("{2150E333-8FDC-42A3-9474-1A3956D46DE8}") = "Infrastructure", "Infrastructure", "{87E0F6E1-836D-434F-B35D-80FB17974FCE}"
EndProject
Project("{9A19103F-16F7-4668-BE54-9A1E7A4F7556}") = "Infrastructure", "Infrastructure\Infrastructure.csproj", "{A7E99C2A-B235-49D7-AF2B-0B18A9958457}"
EndProject
Project("{9A19103F-16F7-4668-BE54-9A1E7A4F7556}") = "PikUpStix.RobotTester", "..\..\..\OneDrive\Documents\cAlgo\Sources\Robots\PikUpStix.RobotTester\PikUpStix.RobotTester\PikUpStix.RobotTester.csproj", "{FF3EC47D-879F-409B-82FE-2283575DA24A}"
EndProject
Project("{9A19103F-16F7-4668-BE54-9A1E7A4F7556}") = "Robots", "Robots\Robots.csproj", "{DE44F186-2588-4719-91E4-50E69974123A}"
EndProject
Project("{2150E333-8FDC-42A3-9474-1A3956D46DE8}") = "TestAndSetup", "TestAndSetup", "{CD1392A9-D239-4E71-B6CA-010FB6D43966}"
EndProject
Project("{9A19103F-16F7-4668-BE54-9A1E7A4F7556}") = "dbconfig", "dbconfig\dbconfig.csproj", "{477E8C4C-E592-43B1-B0D2-99ADB72B888A}"
EndProject
Project("{9A19103F-16F7-4668-BE54-9A1E7A4F7556}") = "Application.Common", "Application.Common\Application.Common.csproj", "{B6C17298-0D6B-43DB-A127-BEF4683AF917}"
EndProject
Project("{9A19103F-16F7-4668-BE54-9A1E7A4F7556}") = "Infrastructure.Tests", "Infrastructure.Tests\Infrastructure.Tests.csproj", "{7DC7C859-5557-4E31-9002-D81B93975433}"
EndProject
Project("{9A19103F-16F7-4668-BE54-9A1E7A4F7556}") = "DataServices", "DataServices\DataServices.csproj", "{14B6731C-7DCF-4647-9419-1444A0F27485}"
EndProject
Project("{9A19103F-16F7-4668-BE54-9A1E7A4F7556}") = "Application.MainTests", "Application.MainTests\Application.MainTests.csproj", "{FD1F5355-BE8C-49A8-B0A2-52F23B99EFD7}"
EndProject
Global
	GlobalSection(SolutionConfigurationPlatforms) = preSolution
		Debug|Any CPU = Debug|Any CPU
		Release|Any CPU = Release|Any CPU
	EndGlobalSection
	GlobalSection(ProjectConfigurationPlatforms) = postSolution
		{0DA76EA9-26E7-4775-A97F-864FB0D01392}.Debug|Any CPU.ActiveCfg = Debug|Any CPU
		{0DA76EA9-26E7-4775-A97F-864FB0D01392}.Debug|Any CPU.Build.0 = Debug|Any CPU
		{0DA76EA9-26E7-4775-A97F-864FB0D01392}.Release|Any CPU.ActiveCfg = Release|Any CPU
		{0DA76EA9-26E7-4775-A97F-864FB0D01392}.Release|Any CPU.Build.0 = Release|Any CPU
		{1759E0B7-4FEF-434D-93EF-5B91B1FDC65F}.Debug|Any CPU.ActiveCfg = Debug|Any CPU
		{1759E0B7-4FEF-434D-93EF-5B91B1FDC65F}.Debug|Any CPU.Build.0 = Debug|Any CPU
		{1759E0B7-4FEF-434D-93EF-5B91B1FDC65F}.Release|Any CPU.ActiveCfg = Release|Any CPU
		{1759E0B7-4FEF-434D-93EF-5B91B1FDC65F}.Release|Any CPU.Build.0 = Release|Any CPU
		{F65E73E6-B846-47B8-873A-65AF3DA432A9}.Debug|Any CPU.ActiveCfg = Debug|Any CPU
		{F65E73E6-B846-47B8-873A-65AF3DA432A9}.Debug|Any CPU.Build.0 = Debug|Any CPU
		{F65E73E6-B846-47B8-873A-65AF3DA432A9}.Release|Any CPU.ActiveCfg = Release|Any CPU
		{F65E73E6-B846-47B8-873A-65AF3DA432A9}.Release|Any CPU.Build.0 = Release|Any CPU
		{A7E99C2A-B235-49D7-AF2B-0B18A9958457}.Debug|Any CPU.ActiveCfg = Debug|Any CPU
		{A7E99C2A-B235-49D7-AF2B-0B18A9958457}.Debug|Any CPU.Build.0 = Debug|Any CPU
		{A7E99C2A-B235-49D7-AF2B-0B18A9958457}.Release|Any CPU.ActiveCfg = Release|Any CPU
		{A7E99C2A-B235-49D7-AF2B-0B18A9958457}.Release|Any CPU.Build.0 = Release|Any CPU
		{FF3EC47D-879F-409B-82FE-2283575DA24A}.Debug|Any CPU.ActiveCfg = Debug|Any CPU
		{FF3EC47D-879F-409B-82FE-2283575DA24A}.Debug|Any CPU.Build.0 = Debug|Any CPU
		{FF3EC47D-879F-409B-82FE-2283575DA24A}.Release|Any CPU.ActiveCfg = Release|Any CPU
		{FF3EC47D-879F-409B-82FE-2283575DA24A}.Release|Any CPU.Build.0 = Release|Any CPU
		{DE44F186-2588-4719-91E4-50E69974123A}.Debug|Any CPU.ActiveCfg = Debug|Any CPU
		{DE44F186-2588-4719-91E4-50E69974123A}.Debug|Any CPU.Build.0 = Debug|Any CPU
		{DE44F186-2588-4719-91E4-50E69974123A}.Release|Any CPU.ActiveCfg = Release|Any CPU
		{DE44F186-2588-4719-91E4-50E69974123A}.Release|Any CPU.Build.0 = Release|Any CPU
		{477E8C4C-E592-43B1-B0D2-99ADB72B888A}.Debug|Any CPU.ActiveCfg = Debug|Any CPU
		{477E8C4C-E592-43B1-B0D2-99ADB72B888A}.Debug|Any CPU.Build.0 = Debug|Any CPU
		{477E8C4C-E592-43B1-B0D2-99ADB72B888A}.Release|Any CPU.ActiveCfg = Release|Any CPU
		{477E8C4C-E592-43B1-B0D2-99ADB72B888A}.Release|Any CPU.Build.0 = Release|Any CPU
		{B6C17298-0D6B-43DB-A127-BEF4683AF917}.Debug|Any CPU.ActiveCfg = Debug|Any CPU
		{B6C17298-0D6B-43DB-A127-BEF4683AF917}.Debug|Any CPU.Build.0 = Debug|Any CPU
		{B6C17298-0D6B-43DB-A127-BEF4683AF917}.Release|Any CPU.ActiveCfg = Release|Any CPU
		{B6C17298-0D6B-43DB-A127-BEF4683AF917}.Release|Any CPU.Build.0 = Release|Any CPU
		{7DC7C859-5557-4E31-9002-D81B93975433}.Debug|Any CPU.ActiveCfg = Debug|Any CPU
		{7DC7C859-5557-4E31-9002-D81B93975433}.Debug|Any CPU.Build.0 = Debug|Any CPU
		{7DC7C859-5557-4E31-9002-D81B93975433}.Release|Any CPU.ActiveCfg = Release|Any CPU
		{7DC7C859-5557-4E31-9002-D81B93975433}.Release|Any CPU.Build.0 = Release|Any CPU
		{14B6731C-7DCF-4647-9419-1444A0F27485}.Debug|Any CPU.ActiveCfg = Debug|Any CPU
		{14B6731C-7DCF-4647-9419-1444A0F27485}.Debug|Any CPU.Build.0 = Debug|Any CPU
		{14B6731C-7DCF-4647-9419-1444A0F27485}.Release|Any CPU.ActiveCfg = Release|Any CPU
		{14B6731C-7DCF-4647-9419-1444A0F27485}.Release|Any CPU.Build.0 = Release|Any CPU
		{FD1F5355-BE8C-49A8-B0A2-52F23B99EFD7}.Debug|Any CPU.ActiveCfg = Debug|Any CPU
		{FD1F5355-BE8C-49A8-B0A2-52F23B99EFD7}.Debug|Any CPU.Build.0 = Debug|Any CPU
		{FD1F5355-BE8C-49A8-B0A2-52F23B99EFD7}.Release|Any CPU.ActiveCfg = Release|Any CPU
		{FD1F5355-BE8C-49A8-B0A2-52F23B99EFD7}.Release|Any CPU.Build.0 = Release|Any CPU
	EndGlobalSection
	GlobalSection(SolutionProperties) = preSolution
		HideSolutionNode = FALSE
	EndGlobalSection
	GlobalSection(NestedProjects) = preSolution
		{0DA76EA9-26E7-4775-A97F-864FB0D01392} = {E3CDF9F3-48CE-480C-B05D-7EF3AAA8B0AA}
		{1759E0B7-4FEF-434D-93EF-5B91B1FDC65F} = {C1DDE1ED-C394-4CE8-B7CE-C16A0296A3B6}
		{F65E73E6-B846-47B8-873A-65AF3DA432A9} = {C1DDE1ED-C394-4CE8-B7CE-C16A0296A3B6}
		{A7E99C2A-B235-49D7-AF2B-0B18A9958457} = {87E0F6E1-836D-434F-B35D-80FB17974FCE}
		{FF3EC47D-879F-409B-82FE-2283575DA24A} = {E3CDF9F3-48CE-480C-B05D-7EF3AAA8B0AA}
		{DE44F186-2588-4719-91E4-50E69974123A} = {E3CDF9F3-48CE-480C-B05D-7EF3AAA8B0AA}
		{477E8C4C-E592-43B1-B0D2-99ADB72B888A} = {CD1392A9-D239-4E71-B6CA-010FB6D43966}
		{B6C17298-0D6B-43DB-A127-BEF4683AF917} = {C1DDE1ED-C394-4CE8-B7CE-C16A0296A3B6}
		{7DC7C859-5557-4E31-9002-D81B93975433} = {CD1392A9-D239-4E71-B6CA-010FB6D43966}
		{14B6731C-7DCF-4647-9419-1444A0F27485} = {E3CDF9F3-48CE-480C-B05D-7EF3AAA8B0AA}
		{FD1F5355-BE8C-49A8-B0A2-52F23B99EFD7} = {CD1392A9-D239-4E71-B6CA-010FB6D43966}
	EndGlobalSection
	GlobalSection(ExtensibilityGlobals) = postSolution
		SolutionGuid = {5749F33E-C160-49C7-AA82-A34583EEAD0F}
	EndGlobalSection
EndGlobal
